
Microsoft Visual Studio Solution File, Format Version 12.00
# Visual Studio Version 17
VisualStudioVersion = 17.3.32929.385
MinimumVisualStudioVersion = 10.0.40219.1
Project("{FAE04EC0-301F-11D3-BF4B-00C04F79EFBC}") = "SwagLabsProject", "SwagLabsProject\SwagLabsProject.csproj", "{F1064EDE-6FAA-4AF9-ACF3-DC95E28EFF3A}"
EndProject
Global
	GlobalSection(SolutionConfigurationPlatforms) = preSolution
		Debug|Any CPU = Debug|Any CPU
		Release|Any CPU = Release|Any CPU
	EndGlobalSection
	GlobalSection(ProjectConfigurationPlatforms) = postSolution
		{F1064EDE-6FAA-4AF9-ACF3-DC95E28EFF3A}.Debug|Any CPU.ActiveCfg = Debug|Any CPU
		{F1064EDE-6FAA-4AF9-ACF3-DC95E28EFF3A}.Debug|Any CPU.Build.0 = Debug|Any CPU
		{F1064EDE-6FAA-4AF9-ACF3-DC95E28EFF3A}.Release|Any CPU.ActiveCfg = Release|Any CPU
		{F1064EDE-6FAA-4AF9-ACF3-DC95E28EFF3A}.Release|Any CPU.Build.0 = Release|Any CPU
	EndGlobalSection
	GlobalSection(SolutionProperties) = preSolution
		HideSolutionNode = FALSE
	EndGlobalSection
	GlobalSection(ExtensibilityGlobals) = postSolution
		SolutionGuid = {2434CF53-56A0-4759-B44B-BD0ACA00B3F1}
	EndGlobalSection
EndGlobal
